
Microsoft Visual Studio Solution File, Format Version 12.00
# Visual Studio Version 16
VisualStudioVersion = 16.0.32002.261
MinimumVisualStudioVersion = 10.0.40219.1
Project("{FAE04EC0-301F-11D3-BF4B-00C04F79EFBC}") = "1001 Extremamente Básico", "BeeCrowd\1001 Extremamente Básico.csproj", "{28B00F84-2DBD-4518-8E21-E0CB08455829}"
EndProject
Project("{FAE04EC0-301F-11D3-BF4B-00C04F79EFBC}") = "1002 Área do Círculo", "1002 Área do Círculo\1002 Área do Círculo.csproj", "{607A1502-7363-456C-90F4-A2A358A715E5}"
EndProject
Project("{FAE04EC0-301F-11D3-BF4B-00C04F79EFBC}") = "1003 Soma Simples", "1003 Soma Simples\1003 Soma Simples.csproj", "{4822E72A-37B9-42DD-A5D5-6F6BC75AA1F3}"
EndProject
Project("{FAE04EC0-301F-11D3-BF4B-00C04F79EFBC}") = "1004 Produto Simples", "1004 Produto Simples\1004 Produto Simples.csproj", "{6B28F82B-9748-47E4-8AD2-0C1CF73AA9AD}"
EndProject
Project("{FAE04EC0-301F-11D3-BF4B-00C04F79EFBC}") = "1005 Média 1", "1005 Média 1\1005 Média 1.csproj", "{49570A15-CB75-4F2C-9C3C-408EC4EABCCD}"
EndProject
Project("{FAE04EC0-301F-11D3-BF4B-00C04F79EFBC}") = "1006 Média 2", "1006 Média 2\1006 Média 2.csproj", "{48AA2725-C81E-40E0-9134-1F3373E621CC}"
EndProject
Project("{FAE04EC0-301F-11D3-BF4B-00C04F79EFBC}") = "1007 Diferença", "1007 Diferença\1007 Diferença.csproj", "{D1ED2C64-6A95-42BE-9299-21557D8D1C19}"
EndProject
Project("{FAE04EC0-301F-11D3-BF4B-00C04F79EFBC}") = "1008 Salário", "1008 Salário\1008 Salário.csproj", "{78AB87D2-0101-4A2F-B73E-654111344A2C}"
EndProject
Project("{FAE04EC0-301F-11D3-BF4B-00C04F79EFBC}") = "1009 Salário com Bônus", "1009 Salário com Bônus\1009 Salário com Bônus.csproj", "{DF539BB7-E928-4553-8CF4-90651A4C49A8}"
EndProject
Project("{FAE04EC0-301F-11D3-BF4B-00C04F79EFBC}") = "1010 Cálculo Simples", "1010 Cálculo Simples\1010 Cálculo Simples.csproj", "{A54909E5-F086-4700-85FA-E31E56D50D78}"
EndProject
Project("{FAE04EC0-301F-11D3-BF4B-00C04F79EFBC}") = "1011 Esfera", "1011 Esfera\1011 Esfera.csproj", "{B5BF363A-13BA-471A-BB00-AC3D0CF68404}"
EndProject
Project("{FAE04EC0-301F-11D3-BF4B-00C04F79EFBC}") = "1012 Área", "1012 Área\1012 Área.csproj", "{E7CF7BA2-56DC-45A6-876B-2836DC23199E}"
EndProject
Project("{FAE04EC0-301F-11D3-BF4B-00C04F79EFBC}") = "1013 O Maior", "1013 O Maior\1013 O Maior.csproj", "{3CCB7756-5A23-4316-A43F-D48D1A6A44A8}"
EndProject
Project("{FAE04EC0-301F-11D3-BF4B-00C04F79EFBC}") = "1014 Consumo", "1014 Consumo\1014 Consumo.csproj", "{E87ADB8F-3032-4819-8CE5-A75A913D4DCC}"
EndProject
Project("{FAE04EC0-301F-11D3-BF4B-00C04F79EFBC}") = "1015 Distância Entre Dois Pontos", "1015 Distância Entre Dois Pontos\1015 Distância Entre Dois Pontos.csproj", "{DE3AA15A-C239-4EF5-93F3-00DC7A43E482}"
EndProject
Project("{FAE04EC0-301F-11D3-BF4B-00C04F79EFBC}") = "1016 Distância", "1016 Distância\1016 Distância.csproj", "{8D7B9A53-8B5C-4F76-ABB4-699ADA6F4032}"
EndProject
Project("{FAE04EC0-301F-11D3-BF4B-00C04F79EFBC}") = "1017 Gasto de Combustível", "1017 Gasto de Combustível\1017 Gasto de Combustível.csproj", "{08A63329-B5E7-4657-9075-D1EC42215B14}"
EndProject
Project("{FAE04EC0-301F-11D3-BF4B-00C04F79EFBC}") = "1018 Cédulas", "1018 Cédulas\1018 Cédulas.csproj", "{C67FE926-89F8-465E-88B0-E6A642A1E54A}"
EndProject
Global
	GlobalSection(SolutionConfigurationPlatforms) = preSolution
		Debug|Any CPU = Debug|Any CPU
		Release|Any CPU = Release|Any CPU
	EndGlobalSection
	GlobalSection(ProjectConfigurationPlatforms) = postSolution
		{28B00F84-2DBD-4518-8E21-E0CB08455829}.Debug|Any CPU.ActiveCfg = Debug|Any CPU
		{28B00F84-2DBD-4518-8E21-E0CB08455829}.Debug|Any CPU.Build.0 = Debug|Any CPU
		{28B00F84-2DBD-4518-8E21-E0CB08455829}.Release|Any CPU.ActiveCfg = Release|Any CPU
		{28B00F84-2DBD-4518-8E21-E0CB08455829}.Release|Any CPU.Build.0 = Release|Any CPU
		{607A1502-7363-456C-90F4-A2A358A715E5}.Debug|Any CPU.ActiveCfg = Debug|Any CPU
		{607A1502-7363-456C-90F4-A2A358A715E5}.Debug|Any CPU.Build.0 = Debug|Any CPU
		{607A1502-7363-456C-90F4-A2A358A715E5}.Release|Any CPU.ActiveCfg = Release|Any CPU
		{607A1502-7363-456C-90F4-A2A358A715E5}.Release|Any CPU.Build.0 = Release|Any CPU
		{4822E72A-37B9-42DD-A5D5-6F6BC75AA1F3}.Debug|Any CPU.ActiveCfg = Debug|Any CPU
		{4822E72A-37B9-42DD-A5D5-6F6BC75AA1F3}.Debug|Any CPU.Build.0 = Debug|Any CPU
		{4822E72A-37B9-42DD-A5D5-6F6BC75AA1F3}.Release|Any CPU.ActiveCfg = Release|Any CPU
		{4822E72A-37B9-42DD-A5D5-6F6BC75AA1F3}.Release|Any CPU.Build.0 = Release|Any CPU
		{6B28F82B-9748-47E4-8AD2-0C1CF73AA9AD}.Debug|Any CPU.ActiveCfg = Debug|Any CPU
		{6B28F82B-9748-47E4-8AD2-0C1CF73AA9AD}.Debug|Any CPU.Build.0 = Debug|Any CPU
		{6B28F82B-9748-47E4-8AD2-0C1CF73AA9AD}.Release|Any CPU.ActiveCfg = Release|Any CPU
		{6B28F82B-9748-47E4-8AD2-0C1CF73AA9AD}.Release|Any CPU.Build.0 = Release|Any CPU
		{49570A15-CB75-4F2C-9C3C-408EC4EABCCD}.Debug|Any CPU.ActiveCfg = Debug|Any CPU
		{49570A15-CB75-4F2C-9C3C-408EC4EABCCD}.Debug|Any CPU.Build.0 = Debug|Any CPU
		{49570A15-CB75-4F2C-9C3C-408EC4EABCCD}.Release|Any CPU.ActiveCfg = Release|Any CPU
		{49570A15-CB75-4F2C-9C3C-408EC4EABCCD}.Release|Any CPU.Build.0 = Release|Any CPU
		{48AA2725-C81E-40E0-9134-1F3373E621CC}.Debug|Any CPU.ActiveCfg = Debug|Any CPU
		{48AA2725-C81E-40E0-9134-1F3373E621CC}.Debug|Any CPU.Build.0 = Debug|Any CPU
		{48AA2725-C81E-40E0-9134-1F3373E621CC}.Release|Any CPU.ActiveCfg = Release|Any CPU
		{48AA2725-C81E-40E0-9134-1F3373E621CC}.Release|Any CPU.Build.0 = Release|Any CPU
		{D1ED2C64-6A95-42BE-9299-21557D8D1C19}.Debug|Any CPU.ActiveCfg = Debug|Any CPU
		{D1ED2C64-6A95-42BE-9299-21557D8D1C19}.Debug|Any CPU.Build.0 = Debug|Any CPU
		{D1ED2C64-6A95-42BE-9299-21557D8D1C19}.Release|Any CPU.ActiveCfg = Release|Any CPU
		{D1ED2C64-6A95-42BE-9299-21557D8D1C19}.Release|Any CPU.Build.0 = Release|Any CPU
		{78AB87D2-0101-4A2F-B73E-654111344A2C}.Debug|Any CPU.ActiveCfg = Debug|Any CPU
		{78AB87D2-0101-4A2F-B73E-654111344A2C}.Debug|Any CPU.Build.0 = Debug|Any CPU
		{78AB87D2-0101-4A2F-B73E-654111344A2C}.Release|Any CPU.ActiveCfg = Release|Any CPU
		{78AB87D2-0101-4A2F-B73E-654111344A2C}.Release|Any CPU.Build.0 = Release|Any CPU
		{DF539BB7-E928-4553-8CF4-90651A4C49A8}.Debug|Any CPU.ActiveCfg = Debug|Any CPU
		{DF539BB7-E928-4553-8CF4-90651A4C49A8}.Debug|Any CPU.Build.0 = Debug|Any CPU
		{DF539BB7-E928-4553-8CF4-90651A4C49A8}.Release|Any CPU.ActiveCfg = Release|Any CPU
		{DF539BB7-E928-4553-8CF4-90651A4C49A8}.Release|Any CPU.Build.0 = Release|Any CPU
		{A54909E5-F086-4700-85FA-E31E56D50D78}.Debug|Any CPU.ActiveCfg = Debug|Any CPU
		{A54909E5-F086-4700-85FA-E31E56D50D78}.Debug|Any CPU.Build.0 = Debug|Any CPU
		{A54909E5-F086-4700-85FA-E31E56D50D78}.Release|Any CPU.ActiveCfg = Release|Any CPU
		{A54909E5-F086-4700-85FA-E31E56D50D78}.Release|Any CPU.Build.0 = Release|Any CPU
		{B5BF363A-13BA-471A-BB00-AC3D0CF68404}.Debug|Any CPU.ActiveCfg = Debug|Any CPU
		{B5BF363A-13BA-471A-BB00-AC3D0CF68404}.Debug|Any CPU.Build.0 = Debug|Any CPU
		{B5BF363A-13BA-471A-BB00-AC3D0CF68404}.Release|Any CPU.ActiveCfg = Release|Any CPU
		{B5BF363A-13BA-471A-BB00-AC3D0CF68404}.Release|Any CPU.Build.0 = Release|Any CPU
		{E7CF7BA2-56DC-45A6-876B-2836DC23199E}.Debug|Any CPU.ActiveCfg = Debug|Any CPU
		{E7CF7BA2-56DC-45A6-876B-2836DC23199E}.Debug|Any CPU.Build.0 = Debug|Any CPU
		{E7CF7BA2-56DC-45A6-876B-2836DC23199E}.Release|Any CPU.ActiveCfg = Release|Any CPU
		{E7CF7BA2-56DC-45A6-876B-2836DC23199E}.Release|Any CPU.Build.0 = Release|Any CPU
		{3CCB7756-5A23-4316-A43F-D48D1A6A44A8}.Debug|Any CPU.ActiveCfg = Debug|Any CPU
		{3CCB7756-5A23-4316-A43F-D48D1A6A44A8}.Debug|Any CPU.Build.0 = Debug|Any CPU
		{3CCB7756-5A23-4316-A43F-D48D1A6A44A8}.Release|Any CPU.ActiveCfg = Release|Any CPU
		{3CCB7756-5A23-4316-A43F-D48D1A6A44A8}.Release|Any CPU.Build.0 = Release|Any CPU
		{E87ADB8F-3032-4819-8CE5-A75A913D4DCC}.Debug|Any CPU.ActiveCfg = Debug|Any CPU
		{E87ADB8F-3032-4819-8CE5-A75A913D4DCC}.Debug|Any CPU.Build.0 = Debug|Any CPU
		{E87ADB8F-3032-4819-8CE5-A75A913D4DCC}.Release|Any CPU.ActiveCfg = Release|Any CPU
		{E87ADB8F-3032-4819-8CE5-A75A913D4DCC}.Release|Any CPU.Build.0 = Release|Any CPU
		{DE3AA15A-C239-4EF5-93F3-00DC7A43E482}.Debug|Any CPU.ActiveCfg = Debug|Any CPU
		{DE3AA15A-C239-4EF5-93F3-00DC7A43E482}.Debug|Any CPU.Build.0 = Debug|Any CPU
		{DE3AA15A-C239-4EF5-93F3-00DC7A43E482}.Release|Any CPU.ActiveCfg = Release|Any CPU
		{DE3AA15A-C239-4EF5-93F3-00DC7A43E482}.Release|Any CPU.Build.0 = Release|Any CPU
		{8D7B9A53-8B5C-4F76-ABB4-699ADA6F4032}.Debug|Any CPU.ActiveCfg = Debug|Any CPU
		{8D7B9A53-8B5C-4F76-ABB4-699ADA6F4032}.Debug|Any CPU.Build.0 = Debug|Any CPU
		{8D7B9A53-8B5C-4F76-ABB4-699ADA6F4032}.Release|Any CPU.ActiveCfg = Release|Any CPU
		{8D7B9A53-8B5C-4F76-ABB4-699ADA6F4032}.Release|Any CPU.Build.0 = Release|Any CPU
		{08A63329-B5E7-4657-9075-D1EC42215B14}.Debug|Any CPU.ActiveCfg = Debug|Any CPU
		{08A63329-B5E7-4657-9075-D1EC42215B14}.Debug|Any CPU.Build.0 = Debug|Any CPU
		{08A63329-B5E7-4657-9075-D1EC42215B14}.Release|Any CPU.ActiveCfg = Release|Any CPU
		{08A63329-B5E7-4657-9075-D1EC42215B14}.Release|Any CPU.Build.0 = Release|Any CPU
		{C67FE926-89F8-465E-88B0-E6A642A1E54A}.Debug|Any CPU.ActiveCfg = Debug|Any CPU
		{C67FE926-89F8-465E-88B0-E6A642A1E54A}.Debug|Any CPU.Build.0 = Debug|Any CPU
		{C67FE926-89F8-465E-88B0-E6A642A1E54A}.Release|Any CPU.ActiveCfg = Release|Any CPU
		{C67FE926-89F8-465E-88B0-E6A642A1E54A}.Release|Any CPU.Build.0 = Release|Any CPU
	EndGlobalSection
	GlobalSection(SolutionProperties) = preSolution
		HideSolutionNode = FALSE
	EndGlobalSection
	GlobalSection(ExtensibilityGlobals) = postSolution
		SolutionGuid = {A97F1D0C-E8CC-4831-AF43-5E81F2273EC5}
	EndGlobalSection
EndGlobal
